
Microsoft Visual Studio Solution File, Format Version 12.00
# Visual Studio 14
VisualStudioVersion = 14.0.25420.1
MinimumVisualStudioVersion = 10.0.40219.1
Project("{FAE04EC0-301F-11D3-BF4B-00C04F79EFBC}") = "User Behavior", "User Behavior\User Behavior.csproj", "{DB5A3FEF-D18F-4901-9B4F-959E403BD21B}"
EndProject
Project("{FAE04EC0-301F-11D3-BF4B-00C04F79EFBC}") = "Example", "Example\Example.csproj", "{A27FF3EC-EE8E-4EE8-B6F2-60572619CEC7}"
EndProject
Global
	GlobalSection(SolutionConfigurationPlatforms) = preSolution
		Debug|Any CPU = Debug|Any CPU
		Release|Any CPU = Release|Any CPU
	EndGlobalSection
	GlobalSection(ProjectConfigurationPlatforms) = postSolution
		{DB5A3FEF-D18F-4901-9B4F-959E403BD21B}.Debug|Any CPU.ActiveCfg = Debug|Any CPU
		{DB5A3FEF-D18F-4901-9B4F-959E403BD21B}.Debug|Any CPU.Build.0 = Debug|Any CPU
		{DB5A3FEF-D18F-4901-9B4F-959E403BD21B}.Release|Any CPU.ActiveCfg = Release|Any CPU
		{DB5A3FEF-D18F-4901-9B4F-959E403BD21B}.Release|Any CPU.Build.0 = Release|Any CPU
		{A27FF3EC-EE8E-4EE8-B6F2-60572619CEC7}.Debug|Any CPU.ActiveCfg = Debug|Any CPU
		{A27FF3EC-EE8E-4EE8-B6F2-60572619CEC7}.Debug|Any CPU.Build.0 = Debug|Any CPU
		{A27FF3EC-EE8E-4EE8-B6F2-60572619CEC7}.Release|Any CPU.ActiveCfg = Release|Any CPU
		{A27FF3EC-EE8E-4EE8-B6F2-60572619CEC7}.Release|Any CPU.Build.0 = Release|Any CPU
	EndGlobalSection
	GlobalSection(SolutionProperties) = preSolution
		HideSolutionNode = FALSE
	EndGlobalSection
EndGlobal
